// !$*UTF8*$!
{
	archiveVersion = 1;
	classes = {
	};
	objectVersion = 55;
	objects = {

/* Begin PBXBuildFile section */
		3A4743D9278C17E700FACA9E /* AppDelegate.swift in Sources */ = {isa = PBXBuildFile; fileRef = 3A4743D8278C17E700FACA9E /* AppDelegate.swift */; };
		3A4743DB278C17E700FACA9E /* SceneDelegate.swift in Sources */ = {isa = PBXBuildFile; fileRef = 3A4743DA278C17E700FACA9E /* SceneDelegate.swift */; };
		3A4743DD278C17E700FACA9E /* ViewController.swift in Sources */ = {isa = PBXBuildFile; fileRef = 3A4743DC278C17E700FACA9E /* ViewController.swift */; };
		3A4743E2278C17E900FACA9E /* Assets.xcassets in Resources */ = {isa = PBXBuildFile; fileRef = 3A4743E1278C17E900FACA9E /* Assets.xcassets */; };
		3A4743E5278C17E900FACA9E /* LaunchScreen.storyboard in Resources */ = {isa = PBXBuildFile; fileRef = 3A4743E3278C17E900FACA9E /* LaunchScreen.storyboard */; };
		3A4743EE278C1CDC00FACA9E /* Epoxy in Frameworks */ = {isa = PBXBuildFile; productRef = 3A4743ED278C1CDC00FACA9E /* Epoxy */; };
		3A4743F0278C1CDC00FACA9E /* EpoxyBars in Frameworks */ = {isa = PBXBuildFile; productRef = 3A4743EF278C1CDC00FACA9E /* EpoxyBars */; };
		3A4743F2278C1CDC00FACA9E /* EpoxyCollectionView in Frameworks */ = {isa = PBXBuildFile; productRef = 3A4743F1278C1CDC00FACA9E /* EpoxyCollectionView */; };
		3A4743F4278C1CDC00FACA9E /* EpoxyCore in Frameworks */ = {isa = PBXBuildFile; productRef = 3A4743F3278C1CDC00FACA9E /* EpoxyCore */; };
		3A4743F6278C1CDC00FACA9E /* EpoxyLayoutGroups in Frameworks */ = {isa = PBXBuildFile; productRef = 3A4743F5278C1CDC00FACA9E /* EpoxyLayoutGroups */; };
		3A4743F8278C1CDC00FACA9E /* EpoxyNavigationController in Frameworks */ = {isa = PBXBuildFile; productRef = 3A4743F7278C1CDC00FACA9E /* EpoxyNavigationController */; };
		3A4743FA278C1CDC00FACA9E /* EpoxyPresentations in Frameworks */ = {isa = PBXBuildFile; productRef = 3A4743F9278C1CDC00FACA9E /* EpoxyPresentations */; };
		3A4743FE278D5D3400FACA9E /* ColorView.swift in Sources */ = {isa = PBXBuildFile; fileRef = 3A4743FD278D5D3400FACA9E /* ColorView.swift */; };
		3A474401278D617200FACA9E /* GXUtilz in Frameworks */ = {isa = PBXBuildFile; productRef = 3A474400278D617200FACA9E /* GXUtilz */; };
		3A474403278D65E600FACA9E /* MainViewController.swift in Sources */ = {isa = PBXBuildFile; fileRef = 3A474402278D65E600FACA9E /* MainViewController.swift */; };
		3A474407278D813200FACA9E /* CardView.swift in Sources */ = {isa = PBXBuildFile; fileRef = 3A474406278D813200FACA9E /* CardView.swift */; };
		3A47440A278D829300FACA9E /* TextView.swift in Sources */ = {isa = PBXBuildFile; fileRef = 3A474409278D829300FACA9E /* TextView.swift */; };
		3A47440C278D871900FACA9E /* Label.swift in Sources */ = {isa = PBXBuildFile; fileRef = 3A47440B278D871900FACA9E /* Label.swift */; };
/* End PBXBuildFile section */

/* Begin PBXFileReference section */
		3A4743D5278C17E700FACA9E /* TestEpoxyApp.app */ = {isa = PBXFileReference; explicitFileType = wrapper.application; includeInIndex = 0; path = TestEpoxyApp.app; sourceTree = BUILT_PRODUCTS_DIR; };
		3A4743D8278C17E700FACA9E /* AppDelegate.swift */ = {isa = PBXFileReference; lastKnownFileType = sourcecode.swift; path = AppDelegate.swift; sourceTree = "<group>"; };
		3A4743DA278C17E700FACA9E /* SceneDelegate.swift */ = {isa = PBXFileReference; lastKnownFileType = sourcecode.swift; path = SceneDelegate.swift; sourceTree = "<group>"; };
		3A4743DC278C17E700FACA9E /* ViewController.swift */ = {isa = PBXFileReference; lastKnownFileType = sourcecode.swift; path = ViewController.swift; sourceTree = "<group>"; };
		3A4743E1278C17E900FACA9E /* Assets.xcassets */ = {isa = PBXFileReference; lastKnownFileType = folder.assetcatalog; path = Assets.xcassets; sourceTree = "<group>"; };
		3A4743E4278C17E900FACA9E /* Base */ = {isa = PBXFileReference; lastKnownFileType = file.storyboard; name = Base; path = Base.lproj/LaunchScreen.storyboard; sourceTree = "<group>"; };
		3A4743E6278C17E900FACA9E /* Info.plist */ = {isa = PBXFileReference; lastKnownFileType = text.plist.xml; path = Info.plist; sourceTree = "<group>"; };
		3A4743FD278D5D3400FACA9E /* ColorView.swift */ = {isa = PBXFileReference; lastKnownFileType = sourcecode.swift; path = ColorView.swift; sourceTree = "<group>"; };
		3A474402278D65E600FACA9E /* MainViewController.swift */ = {isa = PBXFileReference; lastKnownFileType = sourcecode.swift; path = MainViewController.swift; sourceTree = "<group>"; };
		3A474406278D813200FACA9E /* CardView.swift */ = {isa = PBXFileReference; lastKnownFileType = sourcecode.swift; path = CardView.swift; sourceTree = "<group>"; };
		3A474409278D829300FACA9E /* TextView.swift */ = {isa = PBXFileReference; fileEncoding = 4; lastKnownFileType = sourcecode.swift; path = TextView.swift; sourceTree = "<group>"; };
		3A47440B278D871900FACA9E /* Label.swift */ = {isa = PBXFileReference; lastKnownFileType = sourcecode.swift; path = Label.swift; sourceTree = "<group>"; };
/* End PBXFileReference section */

/* Begin PBXFrameworksBuildPhase section */
		3A4743D2278C17E700FACA9E /* Frameworks */ = {
			isa = PBXFrameworksBuildPhase;
			buildActionMask = 2147483647;
			files = (
				3A4743F0278C1CDC00FACA9E /* EpoxyBars in Frameworks */,
				3A4743EE278C1CDC00FACA9E /* Epoxy in Frameworks */,
				3A4743F2278C1CDC00FACA9E /* EpoxyCollectionView in Frameworks */,
				3A4743F4278C1CDC00FACA9E /* EpoxyCore in Frameworks */,
				3A4743F8278C1CDC00FACA9E /* EpoxyNavigationController in Frameworks */,
				3A4743FA278C1CDC00FACA9E /* EpoxyPresentations in Frameworks */,
				3A474401278D617200FACA9E /* GXUtilz in Frameworks */,
				3A4743F6278C1CDC00FACA9E /* EpoxyLayoutGroups in Frameworks */,
			);
			runOnlyForDeploymentPostprocessing = 0;
		};
/* End PBXFrameworksBuildPhase section */

/* Begin PBXGroup section */
		3A4743CC278C17E700FACA9E = {
			isa = PBXGroup;
			children = (
				3A4743D7278C17E700FACA9E /* TestEpoxyApp */,
				3A4743D6278C17E700FACA9E /* Products */,
			);
			sourceTree = "<group>";
		};
		3A4743D6278C17E700FACA9E /* Products */ = {
			isa = PBXGroup;
			children = (
				3A4743D5278C17E700FACA9E /* TestEpoxyApp.app */,
			);
			name = Products;
			sourceTree = "<group>";
		};
		3A4743D7278C17E700FACA9E /* TestEpoxyApp */ = {
			isa = PBXGroup;
			children = (
				3A474408278D813900FACA9E /* Views */,
				3A4743D8278C17E700FACA9E /* AppDelegate.swift */,
				3A4743DA278C17E700FACA9E /* SceneDelegate.swift */,
				3A4743DC278C17E700FACA9E /* ViewController.swift */,
				3A4743E1278C17E900FACA9E /* Assets.xcassets */,
				3A4743E3278C17E900FACA9E /* LaunchScreen.storyboard */,
				3A4743E6278C17E900FACA9E /* Info.plist */,
				3A474402278D65E600FACA9E /* MainViewController.swift */,
			);
			path = TestEpoxyApp;
			sourceTree = "<group>";
		};
		3A474408278D813900FACA9E /* Views */ = {
			isa = PBXGroup;
			children = (
				3A474406278D813200FACA9E /* CardView.swift */,
				3A4743FD278D5D3400FACA9E /* ColorView.swift */,
				3A474409278D829300FACA9E /* TextView.swift */,
				3A47440B278D871900FACA9E /* Label.swift */,
			);
			path = Views;
			sourceTree = "<group>";
		};
/* End PBXGroup section */

/* Begin PBXNativeTarget section */
		3A4743D4278C17E700FACA9E /* TestEpoxyApp */ = {
			isa = PBXNativeTarget;
			buildConfigurationList = 3A4743E9278C17E900FACA9E /* Build configuration list for PBXNativeTarget "TestEpoxyApp" */;
			buildPhases = (
				3A4743D1278C17E700FACA9E /* Sources */,
				3A4743D2278C17E700FACA9E /* Frameworks */,
				3A4743D3278C17E700FACA9E /* Resources */,
			);
			buildRules = (
			);
			dependencies = (
			);
			name = TestEpoxyApp;
			packageProductDependencies = (
				3A4743ED278C1CDC00FACA9E /* Epoxy */,
				3A4743EF278C1CDC00FACA9E /* EpoxyBars */,
				3A4743F1278C1CDC00FACA9E /* EpoxyCollectionView */,
				3A4743F3278C1CDC00FACA9E /* EpoxyCore */,
				3A4743F5278C1CDC00FACA9E /* EpoxyLayoutGroups */,
				3A4743F7278C1CDC00FACA9E /* EpoxyNavigationController */,
				3A4743F9278C1CDC00FACA9E /* EpoxyPresentations */,
				3A474400278D617200FACA9E /* GXUtilz */,
			);
			productName = TestEpoxyApp;
			productReference = 3A4743D5278C17E700FACA9E /* TestEpoxyApp.app */;
			productType = "com.apple.product-type.application";
		};
/* End PBXNativeTarget section */

/* Begin PBXProject section */
		3A4743CD278C17E700FACA9E /* Project object */ = {
			isa = PBXProject;
			attributes = {
				BuildIndependentTargetsInParallel = 1;
				LastSwiftUpdateCheck = 1310;
				LastUpgradeCheck = 1310;
				TargetAttributes = {
					3A4743D4278C17E700FACA9E = {
						CreatedOnToolsVersion = 13.1;
					};
				};
			};
			buildConfigurationList = 3A4743D0278C17E700FACA9E /* Build configuration list for PBXProject "TestEpoxyApp" */;
			compatibilityVersion = "Xcode 13.0";
			developmentRegion = en;
			hasScannedForEncodings = 0;
			knownRegions = (
				en,
				Base,
			);
			mainGroup = 3A4743CC278C17E700FACA9E;
			packageReferences = (
				3A4743EC278C1CDC00FACA9E /* XCRemoteSwiftPackageReference "epoxy-ios" */,
				3A4743FF278D617200FACA9E /* XCRemoteSwiftPackageReference "garpix_utils" */,
			);
			productRefGroup = 3A4743D6278C17E700FACA9E /* Products */;
			projectDirPath = "";
			projectRoot = "";
			targets = (
				3A4743D4278C17E700FACA9E /* TestEpoxyApp */,
			);
		};
/* End PBXProject section */

/* Begin PBXResourcesBuildPhase section */
		3A4743D3278C17E700FACA9E /* Resources */ = {
			isa = PBXResourcesBuildPhase;
			buildActionMask = 2147483647;
			files = (
				3A4743E5278C17E900FACA9E /* LaunchScreen.storyboard in Resources */,
				3A4743E2278C17E900FACA9E /* Assets.xcassets in Resources */,
			);
			runOnlyForDeploymentPostprocessing = 0;
		};
/* End PBXResourcesBuildPhase section */

/* Begin PBXSourcesBuildPhase section */
		3A4743D1278C17E700FACA9E /* Sources */ = {
			isa = PBXSourcesBuildPhase;
			buildActionMask = 2147483647;
			files = (
				3A474407278D813200FACA9E /* CardView.swift in Sources */,
				3A4743FE278D5D3400FACA9E /* ColorView.swift in Sources */,
				3A4743DD278C17E700FACA9E /* ViewController.swift in Sources */,
				3A47440A278D829300FACA9E /* TextView.swift in Sources */,
				3A4743D9278C17E700FACA9E /* AppDelegate.swift in Sources */,
				3A4743DB278C17E700FACA9E /* SceneDelegate.swift in Sources */,
				3A47440C278D871900FACA9E /* Label.swift in Sources */,
				3A474403278D65E600FACA9E /* MainViewController.swift in Sources */,
			);
			runOnlyForDeploymentPostprocessing = 0;
		};
/* End PBXSourcesBuildPhase section */

/* Begin PBXVariantGroup section */
		3A4743E3278C17E900FACA9E /* LaunchScreen.storyboard */ = {
			isa = PBXVariantGroup;
			children = (
				3A4743E4278C17E900FACA9E /* Base */,
			);
			name = LaunchScreen.storyboard;
			sourceTree = "<group>";
		};
/* End PBXVariantGroup section */

/* Begin XCBuildConfiguration section */
		3A4743E7278C17E900FACA9E /* Debug */ = {
			isa = XCBuildConfiguration;
			buildSettings = {
				ALWAYS_SEARCH_USER_PATHS = NO;
				CLANG_ANALYZER_NONNULL = YES;
				CLANG_ANALYZER_NUMBER_OBJECT_CONVERSION = YES_AGGRESSIVE;
				CLANG_CXX_LANGUAGE_STANDARD = "gnu++17";
				CLANG_CXX_LIBRARY = "libc++";
				CLANG_ENABLE_MODULES = YES;
				CLANG_ENABLE_OBJC_ARC = YES;
				CLANG_ENABLE_OBJC_WEAK = YES;
				CLANG_WARN_BLOCK_CAPTURE_AUTORELEASING = YES;
				CLANG_WARN_BOOL_CONVERSION = YES;
				CLANG_WARN_COMMA = YES;
				CLANG_WARN_CONSTANT_CONVERSION = YES;
				CLANG_WARN_DEPRECATED_OBJC_IMPLEMENTATIONS = YES;
				CLANG_WARN_DIRECT_OBJC_ISA_USAGE = YES_ERROR;
				CLANG_WARN_DOCUMENTATION_COMMENTS = YES;
				CLANG_WARN_EMPTY_BODY = YES;
				CLANG_WARN_ENUM_CONVERSION = YES;
				CLANG_WARN_INFINITE_RECURSION = YES;
				CLANG_WARN_INT_CONVERSION = YES;
				CLANG_WARN_NON_LITERAL_NULL_CONVERSION = YES;
				CLANG_WARN_OBJC_IMPLICIT_RETAIN_SELF = YES;
				CLANG_WARN_OBJC_LITERAL_CONVERSION = YES;
				CLANG_WARN_OBJC_ROOT_CLASS = YES_ERROR;
				CLANG_WARN_QUOTED_INCLUDE_IN_FRAMEWORK_HEADER = YES;
				CLANG_WARN_RANGE_LOOP_ANALYSIS = YES;
				CLANG_WARN_STRICT_PROTOTYPES = YES;
				CLANG_WARN_SUSPICIOUS_MOVE = YES;
				CLANG_WARN_UNGUARDED_AVAILABILITY = YES_AGGRESSIVE;
				CLANG_WARN_UNREACHABLE_CODE = YES;
				CLANG_WARN__DUPLICATE_METHOD_MATCH = YES;
				COPY_PHASE_STRIP = NO;
				DEBUG_INFORMATION_FORMAT = dwarf;
				ENABLE_STRICT_OBJC_MSGSEND = YES;
				ENABLE_TESTABILITY = YES;
				GCC_C_LANGUAGE_STANDARD = gnu11;
				GCC_DYNAMIC_NO_PIC = NO;
				GCC_NO_COMMON_BLOCKS = YES;
				GCC_OPTIMIZATION_LEVEL = 0;
				GCC_PREPROCESSOR_DEFINITIONS = (
					"DEBUG=1",
					"$(inherited)",
				);
				GCC_WARN_64_TO_32_BIT_CONVERSION = YES;
				GCC_WARN_ABOUT_RETURN_TYPE = YES_ERROR;
				GCC_WARN_UNDECLARED_SELECTOR = YES;
				GCC_WARN_UNINITIALIZED_AUTOS = YES_AGGRESSIVE;
				GCC_WARN_UNUSED_FUNCTION = YES;
				GCC_WARN_UNUSED_VARIABLE = YES;
				IPHONEOS_DEPLOYMENT_TARGET = 15.0;
				MTL_ENABLE_DEBUG_INFO = INCLUDE_SOURCE;
				MTL_FAST_MATH = YES;
				ONLY_ACTIVE_ARCH = YES;
				SDKROOT = iphoneos;
				SWIFT_ACTIVE_COMPILATION_CONDITIONS = DEBUG;
				SWIFT_OPTIMIZATION_LEVEL = "-Onone";
			};
			name = Debug;
		};
		3A4743E8278C17E900FACA9E /* Release */ = {
			isa = XCBuildConfiguration;
			buildSettings = {
				ALWAYS_SEARCH_USER_PATHS = NO;
				CLANG_ANALYZER_NONNULL = YES;
				CLANG_ANALYZER_NUMBER_OBJECT_CONVERSION = YES_AGGRESSIVE;
				CLANG_CXX_LANGUAGE_STANDARD = "gnu++17";
				CLANG_CXX_LIBRARY = "libc++";
				CLANG_ENABLE_MODULES = YES;
				CLANG_ENABLE_OBJC_ARC = YES;
				CLANG_ENABLE_OBJC_WEAK = YES;
				CLANG_WARN_BLOCK_CAPTURE_AUTORELEASING = YES;
				CLANG_WARN_BOOL_CONVERSION = YES;
				CLANG_WARN_COMMA = YES;
				CLANG_WARN_CONSTANT_CONVERSION = YES;
				CLANG_WARN_DEPRECATED_OBJC_IMPLEMENTATIONS = YES;
				CLANG_WARN_DIRECT_OBJC_ISA_USAGE = YES_ERROR;
				CLANG_WARN_DOCUMENTATION_COMMENTS = YES;
				CLANG_WARN_EMPTY_BODY = YES;
				CLANG_WARN_ENUM_CONVERSION = YES;
				CLANG_WARN_INFINITE_RECURSION = YES;
				CLANG_WARN_INT_CONVERSION = YES;
				CLANG_WARN_NON_LITERAL_NULL_CONVERSION = YES;
				CLANG_WARN_OBJC_IMPLICIT_RETAIN_SELF = YES;
				CLANG_WARN_OBJC_LITERAL_CONVERSION = YES;
				CLANG_WARN_OBJC_ROOT_CLASS = YES_ERROR;
				CLANG_WARN_QUOTED_INCLUDE_IN_FRAMEWORK_HEADER = YES;
				CLANG_WARN_RANGE_LOOP_ANALYSIS = YES;
				CLANG_WARN_STRICT_PROTOTYPES = YES;
				CLANG_WARN_SUSPICIOUS_MOVE = YES;
				CLANG_WARN_UNGUARDED_AVAILABILITY = YES_AGGRESSIVE;
				CLANG_WARN_UNREACHABLE_CODE = YES;
				CLANG_WARN__DUPLICATE_METHOD_MATCH = YES;
				COPY_PHASE_STRIP = NO;
				DEBUG_INFORMATION_FORMAT = "dwarf-with-dsym";
				ENABLE_NS_ASSERTIONS = NO;
				ENABLE_STRICT_OBJC_MSGSEND = YES;
				GCC_C_LANGUAGE_STANDARD = gnu11;
				GCC_NO_COMMON_BLOCKS = YES;
				GCC_WARN_64_TO_32_BIT_CONVERSION = YES;
				GCC_WARN_ABOUT_RETURN_TYPE = YES_ERROR;
				GCC_WARN_UNDECLARED_SELECTOR = YES;
				GCC_WARN_UNINITIALIZED_AUTOS = YES_AGGRESSIVE;
				GCC_WARN_UNUSED_FUNCTION = YES;
				GCC_WARN_UNUSED_VARIABLE = YES;
				IPHONEOS_DEPLOYMENT_TARGET = 15.0;
				MTL_ENABLE_DEBUG_INFO = NO;
				MTL_FAST_MATH = YES;
				SDKROOT = iphoneos;
				SWIFT_COMPILATION_MODE = wholemodule;
				SWIFT_OPTIMIZATION_LEVEL = "-O";
				VALIDATE_PRODUCT = YES;
			};
			name = Release;
		};
		3A4743EA278C17E900FACA9E /* Debug */ = {
			isa = XCBuildConfiguration;
			buildSettings = {
				ASSETCATALOG_COMPILER_APPICON_NAME = AppIcon;
				ASSETCATALOG_COMPILER_GLOBAL_ACCENT_COLOR_NAME = AccentColor;
				CODE_SIGN_STYLE = Automatic;
				CURRENT_PROJECT_VERSION = 1;
				DEVELOPMENT_TEAM = XXB3YP77W4;
				GENERATE_INFOPLIST_FILE = YES;
				INFOPLIST_FILE = TestEpoxyApp/Info.plist;
				INFOPLIST_KEY_UIApplicationSupportsIndirectInputEvents = YES;
				INFOPLIST_KEY_UILaunchStoryboardName = LaunchScreen;
				INFOPLIST_KEY_UISupportedInterfaceOrientations_iPad = "UIInterfaceOrientationPortrait UIInterfaceOrientationPortraitUpsideDown UIInterfaceOrientationLandscapeLeft UIInterfaceOrientationLandscapeRight";
				INFOPLIST_KEY_UISupportedInterfaceOrientations_iPhone = "UIInterfaceOrientationPortrait UIInterfaceOrientationLandscapeLeft UIInterfaceOrientationLandscapeRight";
				LD_RUNPATH_SEARCH_PATHS = (
					"$(inherited)",
					"@executable_path/Frameworks",
				);
				MARKETING_VERSION = 1.0;
				PRODUCT_BUNDLE_IDENTIFIER = garpix.TestEpoxyApp;
				PRODUCT_NAME = "$(TARGET_NAME)";
				SWIFT_EMIT_LOC_STRINGS = YES;
				SWIFT_VERSION = 5.0;
				TARGETED_DEVICE_FAMILY = "1,2";
			};
			name = Debug;
		};
		3A4743EB278C17E900FACA9E /* Release */ = {
			isa = XCBuildConfiguration;
			buildSettings = {
				ASSETCATALOG_COMPILER_APPICON_NAME = AppIcon;
				ASSETCATALOG_COMPILER_GLOBAL_ACCENT_COLOR_NAME = AccentColor;
				CODE_SIGN_STYLE = Automatic;
				CURRENT_PROJECT_VERSION = 1;
				DEVELOPMENT_TEAM = XXB3YP77W4;
				GENERATE_INFOPLIST_FILE = YES;
				INFOPLIST_FILE = TestEpoxyApp/Info.plist;
				INFOPLIST_KEY_UIApplicationSupportsIndirectInputEvents = YES;
				INFOPLIST_KEY_UILaunchStoryboardName = LaunchScreen;
				INFOPLIST_KEY_UISupportedInterfaceOrientations_iPad = "UIInterfaceOrientationPortrait UIInterfaceOrientationPortraitUpsideDown UIInterfaceOrientationLandscapeLeft UIInterfaceOrientationLandscapeRight";
				INFOPLIST_KEY_UISupportedInterfaceOrientations_iPhone = "UIInterfaceOrientationPortrait UIInterfaceOrientationLandscapeLeft UIInterfaceOrientationLandscapeRight";
				LD_RUNPATH_SEARCH_PATHS = (
					"$(inherited)",
					"@executable_path/Frameworks",
				);
				MARKETING_VERSION = 1.0;
				PRODUCT_BUNDLE_IDENTIFIER = garpix.TestEpoxyApp;
				PRODUCT_NAME = "$(TARGET_NAME)";
				SWIFT_EMIT_LOC_STRINGS = YES;
				SWIFT_VERSION = 5.0;
				TARGETED_DEVICE_FAMILY = "1,2";
			};
			name = Release;
		};
/* End XCBuildConfiguration section */

/* Begin XCConfigurationList section */
		3A4743D0278C17E700FACA9E /* Build configuration list for PBXProject "TestEpoxyApp" */ = {
			isa = XCConfigurationList;
			buildConfigurations = (
				3A4743E7278C17E900FACA9E /* Debug */,
				3A4743E8278C17E900FACA9E /* Release */,
			);
			defaultConfigurationIsVisible = 0;
			defaultConfigurationName = Release;
		};
		3A4743E9278C17E900FACA9E /* Build configuration list for PBXNativeTarget "TestEpoxyApp" */ = {
			isa = XCConfigurationList;
			buildConfigurations = (
				3A4743EA278C17E900FACA9E /* Debug */,
				3A4743EB278C17E900FACA9E /* Release */,
			);
			defaultConfigurationIsVisible = 0;
			defaultConfigurationName = Release;
		};
/* End XCConfigurationList section */

/* Begin XCRemoteSwiftPackageReference section */
		3A4743EC278C1CDC00FACA9E /* XCRemoteSwiftPackageReference "epoxy-ios" */ = {
			isa = XCRemoteSwiftPackageReference;
			repositoryURL = "https://github.com/airbnb/epoxy-ios.git";
			requirement = {
				kind = upToNextMajorVersion;
				minimumVersion = 0.7.0;
			};
		};
		3A4743FF278D617200FACA9E /* XCRemoteSwiftPackageReference "garpix_utils" */ = {
			isa = XCRemoteSwiftPackageReference;
			repositoryURL = "https://github.com/GARPIX-iOS/garpix_utils";
			requirement = {
				kind = upToNextMajorVersion;
				minimumVersion = 1.0.0;
			};
		};
/* End XCRemoteSwiftPackageReference section */

/* Begin XCSwiftPackageProductDependency section */
		3A4743ED278C1CDC00FACA9E /* Epoxy */ = {
			isa = XCSwiftPackageProductDependency;
			package = 3A4743EC278C1CDC00FACA9E /* XCRemoteSwiftPackageReference "epoxy-ios" */;
			productName = Epoxy;
		};
		3A4743EF278C1CDC00FACA9E /* EpoxyBars */ = {
			isa = XCSwiftPackageProductDependency;
			package = 3A4743EC278C1CDC00FACA9E /* XCRemoteSwiftPackageReference "epoxy-ios" */;
			productName = EpoxyBars;
		};
		3A4743F1278C1CDC00FACA9E /* EpoxyCollectionView */ = {
			isa = XCSwiftPackageProductDependency;
			package = 3A4743EC278C1CDC00FACA9E /* XCRemoteSwiftPackageReference "epoxy-ios" */;
			productName = EpoxyCollectionView;
		};
		3A4743F3278C1CDC00FACA9E /* EpoxyCore */ = {
			isa = XCSwiftPackageProductDependency;
			package = 3A4743EC278C1CDC00FACA9E /* XCRemoteSwiftPackageReference "epoxy-ios" */;
			productName = EpoxyCore;
		};
		3A4743F5278C1CDC00FACA9E /* EpoxyLayoutGroups */ = {
			isa = XCSwiftPackageProductDependency;
			package = 3A4743EC278C1CDC00FACA9E /* XCRemoteSwiftPackageReference "epoxy-ios" */;
			productName = EpoxyLayoutGroups;
		};
		3A4743F7278C1CDC00FACA9E /* EpoxyNavigationController */ = {
			isa = XCSwiftPackageProductDependency;
			package = 3A4743EC278C1CDC00FACA9E /* XCRemoteSwiftPackageReference "epoxy-ios" */;
			productName = EpoxyNavigationController;
		};
		3A4743F9278C1CDC00FACA9E /* EpoxyPresentations */ = {
			isa = XCSwiftPackageProductDependency;
			package = 3A4743EC278C1CDC00FACA9E /* XCRemoteSwiftPackageReference "epoxy-ios" */;
			productName = EpoxyPresentations;
		};
		3A474400278D617200FACA9E /* GXUtilz */ = {
			isa = XCSwiftPackageProductDependency;
			package = 3A4743FF278D617200FACA9E /* XCRemoteSwiftPackageReference "garpix_utils" */;
			productName = GXUtilz;
		};
/* End XCSwiftPackageProductDependency section */
	};
	rootObject = 3A4743CD278C17E700FACA9E /* Project object */;
}
